<?xml version="1.0" encoding="utf-8"?>
<Project ToolsVersion="4.0" xmlns="http://schemas.microsoft.com/developer/msbuild/2003">
  <ItemGroup>
    <Filter Include="Header Files">
      <UniqueIdentifier>{93995380-89BD-4b04-88EB-625FBE52EBFB}</UniqueIdentifier>
      <Extensions>h;hpp;hxx;hm;inl;inc;xsd</Extensions>
    </Filter>
    <Filter Include="Resource Files">
      <UniqueIdentifier>{67DA6AB6-F800-4c08-8B7A-83BB121AAD01}</UniqueIdentifier>
      <Extensions>rc;ico;cur;bmp;dlg;rc2;rct;bin;rgs;gif;jpg;jpeg;jpe;resx;tiff;tif;png;wav;mfcribbon-ms</Extensions>
    </Filter>
    <Filter Include="Source Files">
      <UniqueIdentifier>{4FC737F1-C7A5-4376-A066-2A32D752A2FF}</UniqueIdentifier>
      <Extensions>cpp;c;cc;cxx;def;odl;idl;hpj;bat;asm;asmx</Extensions>
    </Filter>
    <Filter Include="Shaders">
      <UniqueIdentifier>{051c66a6-7fe9-45ca-9625-9128292e1121}</UniqueIdentifier>
    </Filter>
  </ItemGroup>
  <ItemGroup>
    <None Include="shaders\basic-fragmentshader.glsl">
      <Filter>Shaders</Filter>
    </None>
    <None Include="shaders\phong-fragmentshader.glsl">
      <Filter>Shaders</Filter>
    </None>
    <None Include="shaders\texture-fragmentshader.glsl">
      <Filter>Shaders</Filter>
    </None>
    <None Include="shaders\basic-vertexshader.glsl">
      <Filter>Shaders</Filter>
    </None>
    <None Include="shaders\phong-vertexshader.glsl">
      <Filter>Shaders</Filter>
    </None>
    <None Include="shaders\texture-vertexshader.glsl">
      <Filter>Shaders</Filter>
    </None>
    <None Include="shaders\texture+phong-fragmentshader.glsl">
      <Filter>Shaders</Filter>
    </None>
    <None Include="shaders\texture+phong-vertexshader.glsl">
      <Filter>Shaders</Filter>
    </None>
    <None Include="shaders\bump-fragmentshader.glsl">
      <Filter>Shaders</Filter>
    </None>
    <None Include="shaders\bump-vertexshader.glsl">
      <Filter>Shaders</Filter>
    </None>
    <None Include="shaders\imageprocessing-vertexshader.glsl">
      <Filter>Shaders</Filter>
    </None>
    <None Include="shaders\imageprocessing-fragmentshader.glsl">
      <Filter>Shaders</Filter>
    </None>
    <None Include="shaders\environmentmap-fragmentshader.glsl">
      <Filter>Shaders</Filter>
    </None>
    <None Include="shaders\environmentmap-vertexshader.glsl">
      <Filter>Shaders</Filter>
    </None>
    <None Include="shaders\skycube.ps">
      <Filter>Shaders</Filter>
    </None>
    <None Include="shaders\skycube.vs">
      <Filter>Shaders</Filter>
    </None>
  </ItemGroup>
  <ItemGroup>
    <ClInclude Include="GeoFBO.h">
      <Filter>Header Files</Filter>
    </ClInclude>
    <ClInclude Include="CubeFBO.h">
      <Filter>Header Files</Filter>
    </ClInclude>
    <ClInclude Include="FBO.h">
      <Filter>Header Files</Filter>
    </ClInclude>
    <ClInclude Include="include\imgui\imgui_impl_opengl3.h">
      <Filter>Header Files</Filter>
    </ClInclude>
    <ClInclude Include="include\imgui\imgui_impl_sdl.h">
      <Filter>Header Files</Filter>
    </ClInclude>
    <ClInclude Include="SSSS.h">
      <Filter>Header Files</Filter>
    </ClInclude>
    <ClInclude Include="include\default_constants.h">
      <Filter>Header Files</Filter>
    </ClInclude>
    <ClInclude Include="include\errors.h">
      <Filter>Header Files</Filter>
    </ClInclude>
    <ClInclude Include="include\helperFunctions.h">
      <Filter>Header Files</Filter>
    </ClInclude>
    <ClInclude Include="include\magic_enum.hpp">
      <Filter>Header Files</Filter>
    </ClInclude>
    <ClInclude Include="include\resource.h">
      <Filter>Header Files</Filter>
    </ClInclude>
    <ClInclude Include="Light.h">
      <Filter>Header Files</Filter>
    </ClInclude>
    <ClInclude Include="LightList.h">
      <Filter>Header Files</Filter>
    </ClInclude>
    <ClInclude Include="Shader.h">
      <Filter>Header Files</Filter>
    </ClInclude>
    <ClInclude Include="Camera.h">
      <Filter>Header Files</Filter>
    </ClInclude>
    <ClInclude Include="Scene.h">
      <Filter>Header Files</Filter>
    </ClInclude>
    <ClInclude Include="Texture.h">
      <Filter>Header Files</Filter>
    </ClInclude>
    <ClInclude Include="Material.h">
      <Filter>Header Files</Filter>
    </ClInclude>
    <ClInclude Include="VAO.h">
      <Filter>Header Files</Filter>
    </ClInclude>
    <ClInclude Include="VBO.h">
      <Filter>Header Files</Filter>
    </ClInclude>
    <ClInclude Include="ShaderPack.h">
      <Filter>Header Files</Filter>
    </ClInclude>
    <ClInclude Include="MeshPack.h">
      <Filter>Header Files</Filter>
    </ClInclude>
    <ClInclude Include="MeshPart.h">
      <Filter>Header Files</Filter>
    </ClInclude>
  </ItemGroup>
  <ItemGroup>
    <ClCompile Include="main.cpp">
      <Filter>Source Files</Filter>
    </ClCompile>
    <ClCompile Include="GeoFBO.cpp">
      <Filter>Source Files</Filter>
    </ClCompile>
    <ClCompile Include="CubeFBO.cpp">
      <Filter>Source Files</Filter>
    </ClCompile>
    <ClCompile Include="FBO.cpp">
      <Filter>Source Files</Filter>
    </ClCompile>
    <ClCompile Include="include\imgui\imgui.cpp">
      <Filter>Source Files</Filter>
    </ClCompile>
    <ClCompile Include="include\imgui\imgui_demo.cpp">
      <Filter>Source Files</Filter>
    </ClCompile>
    <ClCompile Include="include\imgui\imgui_draw.cpp">
      <Filter>Source Files</Filter>
    </ClCompile>
    <ClCompile Include="include\imgui\imgui_impl_opengl3.cpp">
      <Filter>Source Files</Filter>
    </ClCompile>
    <ClCompile Include="include\imgui\imgui_impl_sdl.cpp">
      <Filter>Source Files</Filter>
    </ClCompile>
    <ClCompile Include="include\imgui\imgui_widgets.cpp">
      <Filter>Source Files</Filter>
    </ClCompile>
    <ClCompile Include="SSSS.cpp">
      <Filter>Source Files</Filter>
    </ClCompile>
    <ClCompile Include="Light.cpp">
      <Filter>Source Files</Filter>
    </ClCompile>
    <ClCompile Include="LightList.cpp">
      <Filter>Source Files</Filter>
    </ClCompile>
    <ClCompile Include="Shader.cpp">
      <Filter>Source Files</Filter>
    </ClCompile>
    <ClCompile Include="Camera.cpp">
      <Filter>Source Files</Filter>
    </ClCompile>
    <ClCompile Include="Scene.cpp">
      <Filter>Source Files</Filter>
    </ClCompile>
    <ClCompile Include="Texture.cpp">
      <Filter>Source Files</Filter>
    </ClCompile>
    <ClCompile Include="Material.cpp">
      <Filter>Source Files</Filter>
    </ClCompile>
    <ClCompile Include="VAO.cpp">
      <Filter>Source Files</Filter>
    </ClCompile>
    <ClCompile Include="VBO.cpp">
      <Filter>Source Files</Filter>
    </ClCompile>
    <ClCompile Include="ShaderPack.cpp">
      <Filter>Source Files</Filter>
    </ClCompile>
    <ClCompile Include="MeshPack.cpp">
      <Filter>Source Files</Filter>
    </ClCompile>
    <ClCompile Include="MeshPart.cpp">
      <Filter>Source Files</Filter>
    </ClCompile>
  </ItemGroup>
</Project>